
Microsoft Visual Studio Solution File, Format Version 12.00
# Visual Studio Version 17
VisualStudioVersion = 17.1.32319.34
MinimumVisualStudioVersion = 10.0.40219.1
Project("{FAE04EC0-301F-11D3-BF4B-00C04F79EFBC}") = "Soft_licenta_2", "Soft_licenta_2.csproj", "{BEAC83EE-6746-4386-97B2-DC31012CE565}"
EndProject
Project("{FAE04EC0-301F-11D3-BF4B-00C04F79EFBC}") = "DB_Model", "..\DB_Model\DB_Model.csproj", "{FD7E8E3F-087E-4F2E-85CE-E47513C0063C}"
EndProject
Global
	GlobalSection(SolutionConfigurationPlatforms) = preSolution
		Debug|Any CPU = Debug|Any CPU
		Release|Any CPU = Release|Any CPU
	EndGlobalSection
	GlobalSection(ProjectConfigurationPlatforms) = postSolution
		{BEAC83EE-6746-4386-97B2-DC31012CE565}.Debug|Any CPU.ActiveCfg = Debug|Any CPU
		{BEAC83EE-6746-4386-97B2-DC31012CE565}.Debug|Any CPU.Build.0 = Debug|Any CPU
		{BEAC83EE-6746-4386-97B2-DC31012CE565}.Release|Any CPU.ActiveCfg = Release|Any CPU
		{BEAC83EE-6746-4386-97B2-DC31012CE565}.Release|Any CPU.Build.0 = Release|Any CPU
		{FD7E8E3F-087E-4F2E-85CE-E47513C0063C}.Debug|Any CPU.ActiveCfg = Debug|Any CPU
		{FD7E8E3F-087E-4F2E-85CE-E47513C0063C}.Debug|Any CPU.Build.0 = Debug|Any CPU
		{FD7E8E3F-087E-4F2E-85CE-E47513C0063C}.Release|Any CPU.ActiveCfg = Release|Any CPU
		{FD7E8E3F-087E-4F2E-85CE-E47513C0063C}.Release|Any CPU.Build.0 = Release|Any CPU
	EndGlobalSection
	GlobalSection(SolutionProperties) = preSolution
		HideSolutionNode = FALSE
	EndGlobalSection
	GlobalSection(ExtensibilityGlobals) = postSolution
		SolutionGuid = {7B5FAE31-010A-4ACD-9B9E-536860F7D2D1}
	EndGlobalSection
EndGlobal
